// !$*UTF8*$!
{
	archiveVersion = 1;
	classes = {
	};
	objectVersion = 56;
	objects = {

/* Begin PBXBuildFile section */
		0108ECF52CD2927000D2A9CE /* KnobMode.swift in Sources */ = {isa = PBXBuildFile; fileRef = 0108ECF42CD2927000D2A9CE /* KnobMode.swift */; };
		011B15F02CCEA0B40069B62B /* KnobMotorViewModel.swift in Sources */ = {isa = PBXBuildFile; fileRef = 011B15EF2CCEA0AC0069B62B /* KnobMotorViewModel.swift */; };
		011B15F32CCEA0FA0069B62B /* KnobViewContract.swift in Sources */ = {isa = PBXBuildFile; fileRef = 011B15F22CCEA0F90069B62B /* KnobViewContract.swift */; };
		FF04E03C2C9EA7EB00F89E10 /* AppDelegate.swift in Sources */ = {isa = PBXBuildFile; fileRef = FF04E03B2C9EA7EB00F89E10 /* AppDelegate.swift */; };
		FF04E03E2C9EA7EB00F89E10 /* SceneDelegate.swift in Sources */ = {isa = PBXBuildFile; fileRef = FF04E03D2C9EA7EB00F89E10 /* SceneDelegate.swift */; };
		FF04E0402C9EA7EB00F89E10 /* HomeController.swift in Sources */ = {isa = PBXBuildFile; fileRef = FF04E03F2C9EA7EB00F89E10 /* HomeController.swift */; };
		FF04E0432C9EA7EB00F89E10 /* Base in Resources */ = {isa = PBXBuildFile; fileRef = FF04E0422C9EA7EB00F89E10 /* Base */; };
		FF04E0452C9EA7EC00F89E10 /* Assets.xcassets in Resources */ = {isa = PBXBuildFile; fileRef = FF04E0442C9EA7EC00F89E10 /* Assets.xcassets */; };
		FF04E0482C9EA7EC00F89E10 /* Base in Resources */ = {isa = PBXBuildFile; fileRef = FF04E0472C9EA7EC00F89E10 /* Base */; };
		FF04E0532C9EA7EC00F89E10 /* FreyjaTests.swift in Sources */ = {isa = PBXBuildFile; fileRef = FF04E0522C9EA7EC00F89E10 /* FreyjaTests.swift */; };
		FF04E05D2C9EA7EC00F89E10 /* FreyjaUITests.swift in Sources */ = {isa = PBXBuildFile; fileRef = FF04E05C2C9EA7EC00F89E10 /* FreyjaUITests.swift */; };
		FF04E05F2C9EA7EC00F89E10 /* FreyjaUITestsLaunchTests.swift in Sources */ = {isa = PBXBuildFile; fileRef = FF04E05E2C9EA7EC00F89E10 /* FreyjaUITestsLaunchTests.swift */; };
		FF968AAD2CCA5A0800B08FD6 /* Constants.swift in Sources */ = {isa = PBXBuildFile; fileRef = FF968AAC2CCA5A0800B08FD6 /* Constants.swift */; };
		FF968AB12CCAB43300B08FD6 /* KnobViewDelegate.swift in Sources */ = {isa = PBXBuildFile; fileRef = FF968AB02CCAB43300B08FD6 /* KnobViewDelegate.swift */; };
		FFB621F12CC815FB00370355 /* Extensions.swift in Sources */ = {isa = PBXBuildFile; fileRef = FFB621F02CC815FB00370355 /* Extensions.swift */; };
		FFF1536E2CC57F800023CE51 /* KnobView.swift in Sources */ = {isa = PBXBuildFile; fileRef = FFF1536D2CC57F800023CE51 /* KnobView.swift */; };
/* End PBXBuildFile section */

/* Begin PBXContainerItemProxy section */
		FF04E04F2C9EA7EC00F89E10 /* PBXContainerItemProxy */ = {
			isa = PBXContainerItemProxy;
			containerPortal = FF04E0302C9EA7EB00F89E10 /* Project object */;
			proxyType = 1;
			remoteGlobalIDString = FF04E0372C9EA7EB00F89E10;
			remoteInfo = Freyja;
		};
		FF04E0592C9EA7EC00F89E10 /* PBXContainerItemProxy */ = {
			isa = PBXContainerItemProxy;
			containerPortal = FF04E0302C9EA7EB00F89E10 /* Project object */;
			proxyType = 1;
			remoteGlobalIDString = FF04E0372C9EA7EB00F89E10;
			remoteInfo = Freyja;
		};
/* End PBXContainerItemProxy section */

/* Begin PBXFileReference section */
		0108ECF42CD2927000D2A9CE /* KnobMode.swift */ = {isa = PBXFileReference; lastKnownFileType = sourcecode.swift; path = KnobMode.swift; sourceTree = "<group>"; };
		011B15EF2CCEA0AC0069B62B /* KnobMotorViewModel.swift */ = {isa = PBXFileReference; lastKnownFileType = sourcecode.swift; path = KnobMotorViewModel.swift; sourceTree = "<group>"; };
		011B15F22CCEA0F90069B62B /* KnobViewContract.swift */ = {isa = PBXFileReference; lastKnownFileType = sourcecode.swift; path = KnobViewContract.swift; sourceTree = "<group>"; };
		FF04E0382C9EA7EB00F89E10 /* Freyja.app */ = {isa = PBXFileReference; explicitFileType = wrapper.application; includeInIndex = 0; path = Freyja.app; sourceTree = BUILT_PRODUCTS_DIR; };
		FF04E03B2C9EA7EB00F89E10 /* AppDelegate.swift */ = {isa = PBXFileReference; lastKnownFileType = sourcecode.swift; path = AppDelegate.swift; sourceTree = "<group>"; };
		FF04E03D2C9EA7EB00F89E10 /* SceneDelegate.swift */ = {isa = PBXFileReference; lastKnownFileType = sourcecode.swift; path = SceneDelegate.swift; sourceTree = "<group>"; };
		FF04E03F2C9EA7EB00F89E10 /* HomeController.swift */ = {isa = PBXFileReference; lastKnownFileType = sourcecode.swift; path = HomeController.swift; sourceTree = "<group>"; };
		FF04E0422C9EA7EB00F89E10 /* Base */ = {isa = PBXFileReference; lastKnownFileType = file.storyboard; name = Base; path = Base.lproj/Main.storyboard; sourceTree = "<group>"; };
		FF04E0442C9EA7EC00F89E10 /* Assets.xcassets */ = {isa = PBXFileReference; lastKnownFileType = folder.assetcatalog; path = Assets.xcassets; sourceTree = "<group>"; };
		FF04E0472C9EA7EC00F89E10 /* Base */ = {isa = PBXFileReference; lastKnownFileType = file.storyboard; name = Base; path = Base.lproj/LaunchScreen.storyboard; sourceTree = "<group>"; };
		FF04E0492C9EA7EC00F89E10 /* Info.plist */ = {isa = PBXFileReference; lastKnownFileType = text.plist.xml; path = Info.plist; sourceTree = "<group>"; };
		FF04E04E2C9EA7EC00F89E10 /* FreyjaTests.xctest */ = {isa = PBXFileReference; explicitFileType = wrapper.cfbundle; includeInIndex = 0; path = FreyjaTests.xctest; sourceTree = BUILT_PRODUCTS_DIR; };
		FF04E0522C9EA7EC00F89E10 /* FreyjaTests.swift */ = {isa = PBXFileReference; lastKnownFileType = sourcecode.swift; path = FreyjaTests.swift; sourceTree = "<group>"; };
		FF04E0582C9EA7EC00F89E10 /* FreyjaUITests.xctest */ = {isa = PBXFileReference; explicitFileType = wrapper.cfbundle; includeInIndex = 0; path = FreyjaUITests.xctest; sourceTree = BUILT_PRODUCTS_DIR; };
		FF04E05C2C9EA7EC00F89E10 /* FreyjaUITests.swift */ = {isa = PBXFileReference; lastKnownFileType = sourcecode.swift; path = FreyjaUITests.swift; sourceTree = "<group>"; };
		FF04E05E2C9EA7EC00F89E10 /* FreyjaUITestsLaunchTests.swift */ = {isa = PBXFileReference; lastKnownFileType = sourcecode.swift; path = FreyjaUITestsLaunchTests.swift; sourceTree = "<group>"; };
		FF968AAC2CCA5A0800B08FD6 /* Constants.swift */ = {isa = PBXFileReference; lastKnownFileType = sourcecode.swift; path = Constants.swift; sourceTree = "<group>"; };
		FF968AB02CCAB43300B08FD6 /* KnobViewDelegate.swift */ = {isa = PBXFileReference; lastKnownFileType = sourcecode.swift; path = KnobViewDelegate.swift; sourceTree = "<group>"; };
		FFB621F02CC815FB00370355 /* Extensions.swift */ = {isa = PBXFileReference; lastKnownFileType = sourcecode.swift; path = Extensions.swift; sourceTree = "<group>"; };
		FFF1536D2CC57F800023CE51 /* KnobView.swift */ = {isa = PBXFileReference; lastKnownFileType = sourcecode.swift; path = KnobView.swift; sourceTree = "<group>"; };
/* End PBXFileReference section */

/* Begin PBXFrameworksBuildPhase section */
		FF04E0352C9EA7EB00F89E10 /* Frameworks */ = {
			isa = PBXFrameworksBuildPhase;
			buildActionMask = 2147483647;
			files = (
			);
			runOnlyForDeploymentPostprocessing = 0;
		};
		FF04E04B2C9EA7EC00F89E10 /* Frameworks */ = {
			isa = PBXFrameworksBuildPhase;
			buildActionMask = 2147483647;
			files = (
			);
			runOnlyForDeploymentPostprocessing = 0;
		};
		FF04E0552C9EA7EC00F89E10 /* Frameworks */ = {
			isa = PBXFrameworksBuildPhase;
			buildActionMask = 2147483647;
			files = (
			);
			runOnlyForDeploymentPostprocessing = 0;
		};
/* End PBXFrameworksBuildPhase section */

/* Begin PBXGroup section */
		011B15F12CCEA0C40069B62B /* KnobView */ = {
			isa = PBXGroup;
			children = (
				FFF1536D2CC57F800023CE51 /* KnobView.swift */,
				011B15F22CCEA0F90069B62B /* KnobViewContract.swift */,
				011B15EF2CCEA0AC0069B62B /* KnobMotorViewModel.swift */,
				0108ECF42CD2927000D2A9CE /* KnobMode.swift */,
			);
			path = KnobView;
			sourceTree = "<group>";
		};
		FF04E02F2C9EA7EB00F89E10 = {
			isa = PBXGroup;
			children = (
				FF04E03A2C9EA7EB00F89E10 /* Freyja */,
				FF04E0512C9EA7EC00F89E10 /* FreyjaTests */,
				FF04E05B2C9EA7EC00F89E10 /* FreyjaUITests */,
				FF04E0392C9EA7EB00F89E10 /* Products */,
			);
			sourceTree = "<group>";
		};
		FF04E0392C9EA7EB00F89E10 /* Products */ = {
			isa = PBXGroup;
			children = (
				FF04E0382C9EA7EB00F89E10 /* Freyja.app */,
				FF04E04E2C9EA7EC00F89E10 /* FreyjaTests.xctest */,
				FF04E0582C9EA7EC00F89E10 /* FreyjaUITests.xctest */,
			);
			name = Products;
			sourceTree = "<group>";
		};
		FF04E03A2C9EA7EB00F89E10 /* Freyja */ = {
			isa = PBXGroup;
			children = (
				FF04E03B2C9EA7EB00F89E10 /* AppDelegate.swift */,
				FF04E03D2C9EA7EB00F89E10 /* SceneDelegate.swift */,
				FF04E03F2C9EA7EB00F89E10 /* HomeController.swift */,
				FFB621EF2CC815E100370355 /* Helpers */,
				FFF1536F2CC57FAF0023CE51 /* Reusables */,
				FF04E0412C9EA7EB00F89E10 /* Main.storyboard */,
				FF04E0442C9EA7EC00F89E10 /* Assets.xcassets */,
				FF04E0462C9EA7EC00F89E10 /* LaunchScreen.storyboard */,
				FF04E0492C9EA7EC00F89E10 /* Info.plist */,
			);
			path = Freyja;
			sourceTree = "<group>";
		};
		FF04E0512C9EA7EC00F89E10 /* FreyjaTests */ = {
			isa = PBXGroup;
			children = (
				FF04E0522C9EA7EC00F89E10 /* FreyjaTests.swift */,
			);
			path = FreyjaTests;
			sourceTree = "<group>";
		};
		FF04E05B2C9EA7EC00F89E10 /* FreyjaUITests */ = {
			isa = PBXGroup;
			children = (
				FF04E05C2C9EA7EC00F89E10 /* FreyjaUITests.swift */,
				FF04E05E2C9EA7EC00F89E10 /* FreyjaUITestsLaunchTests.swift */,
			);
			path = FreyjaUITests;
			sourceTree = "<group>";
		};
		FFB621EF2CC815E100370355 /* Helpers */ = {
			isa = PBXGroup;
			children = (
				FFB621F02CC815FB00370355 /* Extensions.swift */,
				FF968AAC2CCA5A0800B08FD6 /* Constants.swift */,
			);
			path = Helpers;
			sourceTree = "<group>";
		};
		FFF1536F2CC57FAF0023CE51 /* Reusables */ = {
			isa = PBXGroup;
			children = (
				FFF153702CC57FD00023CE51 /* View */,
			);
			path = Reusables;
			sourceTree = "<group>";
		};
		FFF153702CC57FD00023CE51 /* View */ = {
			isa = PBXGroup;
			children = (
				011B15F12CCEA0C40069B62B /* KnobView */,
				FF968AB02CCAB43300B08FD6 /* KnobViewDelegate.swift */,
			);
			path = View;
			sourceTree = "<group>";
		};
/* End PBXGroup section */

/* Begin PBXNativeTarget section */
		FF04E0372C9EA7EB00F89E10 /* Freyja */ = {
			isa = PBXNativeTarget;
			buildConfigurationList = FF04E0622C9EA7EC00F89E10 /* Build configuration list for PBXNativeTarget "Freyja" */;
			buildPhases = (
				FF04E0342C9EA7EB00F89E10 /* Sources */,
				FF04E0352C9EA7EB00F89E10 /* Frameworks */,
				FF04E0362C9EA7EB00F89E10 /* Resources */,
			);
			buildRules = (
			);
			dependencies = (
			);
			name = Freyja;
			productName = Freyja;
			productReference = FF04E0382C9EA7EB00F89E10 /* Freyja.app */;
			productType = "com.apple.product-type.application";
		};
		FF04E04D2C9EA7EC00F89E10 /* FreyjaTests */ = {
			isa = PBXNativeTarget;
			buildConfigurationList = FF04E0652C9EA7EC00F89E10 /* Build configuration list for PBXNativeTarget "FreyjaTests" */;
			buildPhases = (
				FF04E04A2C9EA7EC00F89E10 /* Sources */,
				FF04E04B2C9EA7EC00F89E10 /* Frameworks */,
				FF04E04C2C9EA7EC00F89E10 /* Resources */,
			);
			buildRules = (
			);
			dependencies = (
				FF04E0502C9EA7EC00F89E10 /* PBXTargetDependency */,
			);
			name = FreyjaTests;
			productName = FreyjaTests;
			productReference = FF04E04E2C9EA7EC00F89E10 /* FreyjaTests.xctest */;
			productType = "com.apple.product-type.bundle.unit-test";
		};
		FF04E0572C9EA7EC00F89E10 /* FreyjaUITests */ = {
			isa = PBXNativeTarget;
			buildConfigurationList = FF04E0682C9EA7EC00F89E10 /* Build configuration list for PBXNativeTarget "FreyjaUITests" */;
			buildPhases = (
				FF04E0542C9EA7EC00F89E10 /* Sources */,
				FF04E0552C9EA7EC00F89E10 /* Frameworks */,
				FF04E0562C9EA7EC00F89E10 /* Resources */,
			);
			buildRules = (
			);
			dependencies = (
				FF04E05A2C9EA7EC00F89E10 /* PBXTargetDependency */,
			);
			name = FreyjaUITests;
			productName = FreyjaUITests;
			productReference = FF04E0582C9EA7EC00F89E10 /* FreyjaUITests.xctest */;
			productType = "com.apple.product-type.bundle.ui-testing";
		};
/* End PBXNativeTarget section */

/* Begin PBXProject section */
		FF04E0302C9EA7EB00F89E10 /* Project object */ = {
			isa = PBXProject;
			attributes = {
				BuildIndependentTargetsInParallel = 1;
				LastSwiftUpdateCheck = 1540;
				LastUpgradeCheck = 1540;
				TargetAttributes = {
					FF04E0372C9EA7EB00F89E10 = {
						CreatedOnToolsVersion = 15.4;
					};
					FF04E04D2C9EA7EC00F89E10 = {
						CreatedOnToolsVersion = 15.4;
						TestTargetID = FF04E0372C9EA7EB00F89E10;
					};
					FF04E0572C9EA7EC00F89E10 = {
						CreatedOnToolsVersion = 15.4;
						TestTargetID = FF04E0372C9EA7EB00F89E10;
					};
				};
			};
			buildConfigurationList = FF04E0332C9EA7EB00F89E10 /* Build configuration list for PBXProject "Freyja" */;
			compatibilityVersion = "Xcode 14.0";
			developmentRegion = en;
			hasScannedForEncodings = 0;
			knownRegions = (
				en,
				Base,
			);
			mainGroup = FF04E02F2C9EA7EB00F89E10;
			productRefGroup = FF04E0392C9EA7EB00F89E10 /* Products */;
			projectDirPath = "";
			projectRoot = "";
			targets = (
				FF04E0372C9EA7EB00F89E10 /* Freyja */,
				FF04E04D2C9EA7EC00F89E10 /* FreyjaTests */,
				FF04E0572C9EA7EC00F89E10 /* FreyjaUITests */,
			);
		};
/* End PBXProject section */

/* Begin PBXResourcesBuildPhase section */
		FF04E0362C9EA7EB00F89E10 /* Resources */ = {
			isa = PBXResourcesBuildPhase;
			buildActionMask = 2147483647;
			files = (
				FF04E0452C9EA7EC00F89E10 /* Assets.xcassets in Resources */,
				FF04E0482C9EA7EC00F89E10 /* Base in Resources */,
				FF04E0432C9EA7EB00F89E10 /* Base in Resources */,
			);
			runOnlyForDeploymentPostprocessing = 0;
		};
		FF04E04C2C9EA7EC00F89E10 /* Resources */ = {
			isa = PBXResourcesBuildPhase;
			buildActionMask = 2147483647;
			files = (
			);
			runOnlyForDeploymentPostprocessing = 0;
		};
		FF04E0562C9EA7EC00F89E10 /* Resources */ = {
			isa = PBXResourcesBuildPhase;
			buildActionMask = 2147483647;
			files = (
			);
			runOnlyForDeploymentPostprocessing = 0;
		};
/* End PBXResourcesBuildPhase section */

/* Begin PBXSourcesBuildPhase section */
		FF04E0342C9EA7EB00F89E10 /* Sources */ = {
			isa = PBXSourcesBuildPhase;
			buildActionMask = 2147483647;
			files = (
				FFB621F12CC815FB00370355 /* Extensions.swift in Sources */,
				011B15F32CCEA0FA0069B62B /* KnobViewContract.swift in Sources */,
				0108ECF52CD2927000D2A9CE /* KnobMode.swift in Sources */,
				FF04E0402C9EA7EB00F89E10 /* HomeController.swift in Sources */,
				011B15F02CCEA0B40069B62B /* KnobMotorViewModel.swift in Sources */,
				FF04E03C2C9EA7EB00F89E10 /* AppDelegate.swift in Sources */,
				FFF1536E2CC57F800023CE51 /* KnobView.swift in Sources */,
				FF968AB12CCAB43300B08FD6 /* KnobViewDelegate.swift in Sources */,
				FF04E03E2C9EA7EB00F89E10 /* SceneDelegate.swift in Sources */,
				FF968AAD2CCA5A0800B08FD6 /* Constants.swift in Sources */,
			);
			runOnlyForDeploymentPostprocessing = 0;
		};
		FF04E04A2C9EA7EC00F89E10 /* Sources */ = {
			isa = PBXSourcesBuildPhase;
			buildActionMask = 2147483647;
			files = (
				FF04E0532C9EA7EC00F89E10 /* FreyjaTests.swift in Sources */,
			);
			runOnlyForDeploymentPostprocessing = 0;
		};
		FF04E0542C9EA7EC00F89E10 /* Sources */ = {
			isa = PBXSourcesBuildPhase;
			buildActionMask = 2147483647;
			files = (
				FF04E05D2C9EA7EC00F89E10 /* FreyjaUITests.swift in Sources */,
				FF04E05F2C9EA7EC00F89E10 /* FreyjaUITestsLaunchTests.swift in Sources */,
			);
			runOnlyForDeploymentPostprocessing = 0;
		};
/* End PBXSourcesBuildPhase section */

/* Begin PBXTargetDependency section */
		FF04E0502C9EA7EC00F89E10 /* PBXTargetDependency */ = {
			isa = PBXTargetDependency;
			target = FF04E0372C9EA7EB00F89E10 /* Freyja */;
			targetProxy = FF04E04F2C9EA7EC00F89E10 /* PBXContainerItemProxy */;
		};
		FF04E05A2C9EA7EC00F89E10 /* PBXTargetDependency */ = {
			isa = PBXTargetDependency;
			target = FF04E0372C9EA7EB00F89E10 /* Freyja */;
			targetProxy = FF04E0592C9EA7EC00F89E10 /* PBXContainerItemProxy */;
		};
/* End PBXTargetDependency section */

/* Begin PBXVariantGroup section */
		FF04E0412C9EA7EB00F89E10 /* Main.storyboard */ = {
			isa = PBXVariantGroup;
			children = (
				FF04E0422C9EA7EB00F89E10 /* Base */,
			);
			name = Main.storyboard;
			sourceTree = "<group>";
		};
		FF04E0462C9EA7EC00F89E10 /* LaunchScreen.storyboard */ = {
			isa = PBXVariantGroup;
			children = (
				FF04E0472C9EA7EC00F89E10 /* Base */,
			);
			name = LaunchScreen.storyboard;
			sourceTree = "<group>";
		};
/* End PBXVariantGroup section */

/* Begin XCBuildConfiguration section */
		FF04E0602C9EA7EC00F89E10 /* Debug */ = {
			isa = XCBuildConfiguration;
			buildSettings = {
				ALWAYS_SEARCH_USER_PATHS = NO;
				ASSETCATALOG_COMPILER_GENERATE_SWIFT_ASSET_SYMBOL_EXTENSIONS = YES;
				CLANG_ANALYZER_NONNULL = YES;
				CLANG_ANALYZER_NUMBER_OBJECT_CONVERSION = YES_AGGRESSIVE;
				CLANG_CXX_LANGUAGE_STANDARD = "gnu++20";
				CLANG_ENABLE_MODULES = YES;
				CLANG_ENABLE_OBJC_ARC = YES;
				CLANG_ENABLE_OBJC_WEAK = YES;
				CLANG_WARN_BLOCK_CAPTURE_AUTORELEASING = YES;
				CLANG_WARN_BOOL_CONVERSION = YES;
				CLANG_WARN_COMMA = YES;
				CLANG_WARN_CONSTANT_CONVERSION = YES;
				CLANG_WARN_DEPRECATED_OBJC_IMPLEMENTATIONS = YES;
				CLANG_WARN_DIRECT_OBJC_ISA_USAGE = YES_ERROR;
				CLANG_WARN_DOCUMENTATION_COMMENTS = YES;
				CLANG_WARN_EMPTY_BODY = YES;
				CLANG_WARN_ENUM_CONVERSION = YES;
				CLANG_WARN_INFINITE_RECURSION = YES;
				CLANG_WARN_INT_CONVERSION = YES;
				CLANG_WARN_NON_LITERAL_NULL_CONVERSION = YES;
				CLANG_WARN_OBJC_IMPLICIT_RETAIN_SELF = YES;
				CLANG_WARN_OBJC_LITERAL_CONVERSION = YES;
				CLANG_WARN_OBJC_ROOT_CLASS = YES_ERROR;
				CLANG_WARN_QUOTED_INCLUDE_IN_FRAMEWORK_HEADER = YES;
				CLANG_WARN_RANGE_LOOP_ANALYSIS = YES;
				CLANG_WARN_STRICT_PROTOTYPES = YES;
				CLANG_WARN_SUSPICIOUS_MOVE = YES;
				CLANG_WARN_UNGUARDED_AVAILABILITY = YES_AGGRESSIVE;
				CLANG_WARN_UNREACHABLE_CODE = YES;
				CLANG_WARN__DUPLICATE_METHOD_MATCH = YES;
				COPY_PHASE_STRIP = NO;
				DEBUG_INFORMATION_FORMAT = dwarf;
				ENABLE_STRICT_OBJC_MSGSEND = YES;
				ENABLE_TESTABILITY = YES;
				ENABLE_USER_SCRIPT_SANDBOXING = YES;
				GCC_C_LANGUAGE_STANDARD = gnu17;
				GCC_DYNAMIC_NO_PIC = NO;
				GCC_NO_COMMON_BLOCKS = YES;
				GCC_OPTIMIZATION_LEVEL = 0;
				GCC_PREPROCESSOR_DEFINITIONS = (
					"DEBUG=1",
					"$(inherited)",
				);
				GCC_WARN_64_TO_32_BIT_CONVERSION = YES;
				GCC_WARN_ABOUT_RETURN_TYPE = YES_ERROR;
				GCC_WARN_UNDECLARED_SELECTOR = YES;
				GCC_WARN_UNINITIALIZED_AUTOS = YES_AGGRESSIVE;
				GCC_WARN_UNUSED_FUNCTION = YES;
				GCC_WARN_UNUSED_VARIABLE = YES;
				IPHONEOS_DEPLOYMENT_TARGET = 15.6;
				LOCALIZATION_PREFERS_STRING_CATALOGS = YES;
				MTL_ENABLE_DEBUG_INFO = INCLUDE_SOURCE;
				MTL_FAST_MATH = YES;
				ONLY_ACTIVE_ARCH = YES;
				SDKROOT = iphoneos;
				SWIFT_ACTIVE_COMPILATION_CONDITIONS = "DEBUG $(inherited)";
				SWIFT_OPTIMIZATION_LEVEL = "-Onone";
			};
			name = Debug;
		};
		FF04E0612C9EA7EC00F89E10 /* Release */ = {
			isa = XCBuildConfiguration;
			buildSettings = {
				ALWAYS_SEARCH_USER_PATHS = NO;
				ASSETCATALOG_COMPILER_GENERATE_SWIFT_ASSET_SYMBOL_EXTENSIONS = YES;
				CLANG_ANALYZER_NONNULL = YES;
				CLANG_ANALYZER_NUMBER_OBJECT_CONVERSION = YES_AGGRESSIVE;
				CLANG_CXX_LANGUAGE_STANDARD = "gnu++20";
				CLANG_ENABLE_MODULES = YES;
				CLANG_ENABLE_OBJC_ARC = YES;
				CLANG_ENABLE_OBJC_WEAK = YES;
				CLANG_WARN_BLOCK_CAPTURE_AUTORELEASING = YES;
				CLANG_WARN_BOOL_CONVERSION = YES;
				CLANG_WARN_COMMA = YES;
				CLANG_WARN_CONSTANT_CONVERSION = YES;
				CLANG_WARN_DEPRECATED_OBJC_IMPLEMENTATIONS = YES;
				CLANG_WARN_DIRECT_OBJC_ISA_USAGE = YES_ERROR;
				CLANG_WARN_DOCUMENTATION_COMMENTS = YES;
				CLANG_WARN_EMPTY_BODY = YES;
				CLANG_WARN_ENUM_CONVERSION = YES;
				CLANG_WARN_INFINITE_RECURSION = YES;
				CLANG_WARN_INT_CONVERSION = YES;
				CLANG_WARN_NON_LITERAL_NULL_CONVERSION = YES;
				CLANG_WARN_OBJC_IMPLICIT_RETAIN_SELF = YES;
				CLANG_WARN_OBJC_LITERAL_CONVERSION = YES;
				CLANG_WARN_OBJC_ROOT_CLASS = YES_ERROR;
				CLANG_WARN_QUOTED_INCLUDE_IN_FRAMEWORK_HEADER = YES;
				CLANG_WARN_RANGE_LOOP_ANALYSIS = YES;
				CLANG_WARN_STRICT_PROTOTYPES = YES;
				CLANG_WARN_SUSPICIOUS_MOVE = YES;
				CLANG_WARN_UNGUARDED_AVAILABILITY = YES_AGGRESSIVE;
				CLANG_WARN_UNREACHABLE_CODE = YES;
				CLANG_WARN__DUPLICATE_METHOD_MATCH = YES;
				COPY_PHASE_STRIP = NO;
				DEBUG_INFORMATION_FORMAT = "dwarf-with-dsym";
				ENABLE_NS_ASSERTIONS = NO;
				ENABLE_STRICT_OBJC_MSGSEND = YES;
				ENABLE_USER_SCRIPT_SANDBOXING = YES;
				GCC_C_LANGUAGE_STANDARD = gnu17;
				GCC_NO_COMMON_BLOCKS = YES;
				GCC_WARN_64_TO_32_BIT_CONVERSION = YES;
				GCC_WARN_ABOUT_RETURN_TYPE = YES_ERROR;
				GCC_WARN_UNDECLARED_SELECTOR = YES;
				GCC_WARN_UNINITIALIZED_AUTOS = YES_AGGRESSIVE;
				GCC_WARN_UNUSED_FUNCTION = YES;
				GCC_WARN_UNUSED_VARIABLE = YES;
				IPHONEOS_DEPLOYMENT_TARGET = 15.6;
				LOCALIZATION_PREFERS_STRING_CATALOGS = YES;
				MTL_ENABLE_DEBUG_INFO = NO;
				MTL_FAST_MATH = YES;
				SDKROOT = iphoneos;
				SWIFT_COMPILATION_MODE = wholemodule;
				VALIDATE_PRODUCT = YES;
			};
			name = Release;
		};
		FF04E0632C9EA7EC00F89E10 /* Debug */ = {
			isa = XCBuildConfiguration;
			buildSettings = {
				ASSETCATALOG_COMPILER_APPICON_NAME = AppIcon;
				ASSETCATALOG_COMPILER_GLOBAL_ACCENT_COLOR_NAME = AccentColor;
				CODE_SIGN_STYLE = Automatic;
				CURRENT_PROJECT_VERSION = 9;
				DEVELOPMENT_TEAM = TYCWQ2TQB6;
				GENERATE_INFOPLIST_FILE = YES;
				INFOPLIST_FILE = Freyja/Info.plist;
				INFOPLIST_KEY_UIApplicationSupportsIndirectInputEvents = YES;
				INFOPLIST_KEY_UILaunchStoryboardName = LaunchScreen;
				INFOPLIST_KEY_UIMainStoryboardFile = Main;
				INFOPLIST_KEY_UISupportedInterfaceOrientations = UIInterfaceOrientationPortrait;
				INFOPLIST_KEY_UISupportedInterfaceOrientations_iPad = "UIInterfaceOrientationLandscapeLeft UIInterfaceOrientationLandscapeRight UIInterfaceOrientationPortrait UIInterfaceOrientationPortraitUpsideDown";
				IPHONEOS_DEPLOYMENT_TARGET = 15.0;
				LD_RUNPATH_SEARCH_PATHS = (
					"$(inherited)",
					"@executable_path/Frameworks",
				);
				MARKETING_VERSION = 1.0;
				PRODUCT_BUNDLE_IDENTIFIER = com.emeraldskyx.freyja;
				PRODUCT_NAME = "$(TARGET_NAME)";
				SWIFT_EMIT_LOC_STRINGS = YES;
				SWIFT_VERSION = 5.0;
				TARGETED_DEVICE_FAMILY = "1,2";
			};
			name = Debug;
		};
		FF04E0642C9EA7EC00F89E10 /* Release */ = {
			isa = XCBuildConfiguration;
			buildSettings = {
				ASSETCATALOG_COMPILER_APPICON_NAME = AppIcon;
				ASSETCATALOG_COMPILER_GLOBAL_ACCENT_COLOR_NAME = AccentColor;
				CODE_SIGN_STYLE = Automatic;
				CURRENT_PROJECT_VERSION = 9;
				DEVELOPMENT_TEAM = TYCWQ2TQB6;
				GENERATE_INFOPLIST_FILE = YES;
				INFOPLIST_FILE = Freyja/Info.plist;
				INFOPLIST_KEY_UIApplicationSupportsIndirectInputEvents = YES;
				INFOPLIST_KEY_UILaunchStoryboardName = LaunchScreen;
				INFOPLIST_KEY_UIMainStoryboardFile = Main;
				INFOPLIST_KEY_UISupportedInterfaceOrientations = UIInterfaceOrientationPortrait;
				INFOPLIST_KEY_UISupportedInterfaceOrientations_iPad = "UIInterfaceOrientationLandscapeLeft UIInterfaceOrientationLandscapeRight UIInterfaceOrientationPortrait UIInterfaceOrientationPortraitUpsideDown";
				IPHONEOS_DEPLOYMENT_TARGET = 15.0;
				LD_RUNPATH_SEARCH_PATHS = (
					"$(inherited)",
					"@executable_path/Frameworks",
				);
				MARKETING_VERSION = 1.0;
				PRODUCT_BUNDLE_IDENTIFIER = com.emeraldskyx.freyja;
				PRODUCT_NAME = "$(TARGET_NAME)";
				SWIFT_EMIT_LOC_STRINGS = YES;
				SWIFT_VERSION = 5.0;
				TARGETED_DEVICE_FAMILY = "1,2";
			};
			name = Release;
		};
		FF04E0662C9EA7EC00F89E10 /* Debug */ = {
			isa = XCBuildConfiguration;
			buildSettings = {
				ALWAYS_EMBED_SWIFT_STANDARD_LIBRARIES = YES;
				BUNDLE_LOADER = "$(TEST_HOST)";
				CODE_SIGN_STYLE = Automatic;
				CURRENT_PROJECT_VERSION = 1;
				DEVELOPMENT_TEAM = 2V4U7L99P9;
				GENERATE_INFOPLIST_FILE = YES;
				IPHONEOS_DEPLOYMENT_TARGET = 17.5;
				MARKETING_VERSION = 1.0;
				PRODUCT_BUNDLE_IDENTIFIER = com.emaraldsky.freyja.FreyjaTests;
				PRODUCT_NAME = "$(TARGET_NAME)";
				SWIFT_EMIT_LOC_STRINGS = NO;
				SWIFT_VERSION = 5.0;
				TARGETED_DEVICE_FAMILY = "1,2";
				TEST_HOST = "$(BUILT_PRODUCTS_DIR)/Freyja.app/$(BUNDLE_EXECUTABLE_FOLDER_PATH)/Freyja";
			};
			name = Debug;
		};
		FF04E0672C9EA7EC00F89E10 /* Release */ = {
			isa = XCBuildConfiguration;
			buildSettings = {
				ALWAYS_EMBED_SWIFT_STANDARD_LIBRARIES = YES;
				BUNDLE_LOADER = "$(TEST_HOST)";
				CODE_SIGN_STYLE = Automatic;
				CURRENT_PROJECT_VERSION = 1;
				DEVELOPMENT_TEAM = 2V4U7L99P9;
				GENERATE_INFOPLIST_FILE = YES;
				IPHONEOS_DEPLOYMENT_TARGET = 17.5;
				MARKETING_VERSION = 1.0;
				PRODUCT_BUNDLE_IDENTIFIER = com.emaraldsky.freyja.FreyjaTests;
				PRODUCT_NAME = "$(TARGET_NAME)";
				SWIFT_EMIT_LOC_STRINGS = NO;
				SWIFT_VERSION = 5.0;
				TARGETED_DEVICE_FAMILY = "1,2";
				TEST_HOST = "$(BUILT_PRODUCTS_DIR)/Freyja.app/$(BUNDLE_EXECUTABLE_FOLDER_PATH)/Freyja";
			};
			name = Release;
		};
		FF04E0692C9EA7EC00F89E10 /* Debug */ = {
			isa = XCBuildConfiguration;
			buildSettings = {
				ALWAYS_EMBED_SWIFT_STANDARD_LIBRARIES = YES;
				CODE_SIGN_STYLE = Automatic;
				CURRENT_PROJECT_VERSION = 1;
				DEVELOPMENT_TEAM = 2V4U7L99P9;
				GENERATE_INFOPLIST_FILE = YES;
				MARKETING_VERSION = 1.0;
				PRODUCT_BUNDLE_IDENTIFIER = com.emaraldsky.freyja.FreyjaUITests;
				PRODUCT_NAME = "$(TARGET_NAME)";
				SWIFT_EMIT_LOC_STRINGS = NO;
				SWIFT_VERSION = 5.0;
				TARGETED_DEVICE_FAMILY = "1,2";
				TEST_TARGET_NAME = Freyja;
			};
			name = Debug;
		};
		FF04E06A2C9EA7EC00F89E10 /* Release */ = {
			isa = XCBuildConfiguration;
			buildSettings = {
				ALWAYS_EMBED_SWIFT_STANDARD_LIBRARIES = YES;
				CODE_SIGN_STYLE = Automatic;
				CURRENT_PROJECT_VERSION = 1;
				DEVELOPMENT_TEAM = 2V4U7L99P9;
				GENERATE_INFOPLIST_FILE = YES;
				MARKETING_VERSION = 1.0;
				PRODUCT_BUNDLE_IDENTIFIER = com.emaraldsky.freyja.FreyjaUITests;
				PRODUCT_NAME = "$(TARGET_NAME)";
				SWIFT_EMIT_LOC_STRINGS = NO;
				SWIFT_VERSION = 5.0;
				TARGETED_DEVICE_FAMILY = "1,2";
				TEST_TARGET_NAME = Freyja;
			};
			name = Release;
		};
/* End XCBuildConfiguration section */

/* Begin XCConfigurationList section */
		FF04E0332C9EA7EB00F89E10 /* Build configuration list for PBXProject "Freyja" */ = {
			isa = XCConfigurationList;
			buildConfigurations = (
				FF04E0602C9EA7EC00F89E10 /* Debug */,
				FF04E0612C9EA7EC00F89E10 /* Release */,
			);
			defaultConfigurationIsVisible = 0;
			defaultConfigurationName = Release;
		};
		FF04E0622C9EA7EC00F89E10 /* Build configuration list for PBXNativeTarget "Freyja" */ = {
			isa = XCConfigurationList;
			buildConfigurations = (
				FF04E0632C9EA7EC00F89E10 /* Debug */,
				FF04E0642C9EA7EC00F89E10 /* Release */,
			);
			defaultConfigurationIsVisible = 0;
			defaultConfigurationName = Release;
		};
		FF04E0652C9EA7EC00F89E10 /* Build configuration list for PBXNativeTarget "FreyjaTests" */ = {
			isa = XCConfigurationList;
			buildConfigurations = (
				FF04E0662C9EA7EC00F89E10 /* Debug */,
				FF04E0672C9EA7EC00F89E10 /* Release */,
			);
			defaultConfigurationIsVisible = 0;
			defaultConfigurationName = Release;
		};
		FF04E0682C9EA7EC00F89E10 /* Build configuration list for PBXNativeTarget "FreyjaUITests" */ = {
			isa = XCConfigurationList;
			buildConfigurations = (
				FF04E0692C9EA7EC00F89E10 /* Debug */,
				FF04E06A2C9EA7EC00F89E10 /* Release */,
			);
			defaultConfigurationIsVisible = 0;
			defaultConfigurationName = Release;
		};
/* End XCConfigurationList section */
	};
	rootObject = FF04E0302C9EA7EB00F89E10 /* Project object */;
}
